
Microsoft Visual Studio Solution File, Format Version 12.00
# Visual Studio Version 17
VisualStudioVersion = 17.9.34902.65
MinimumVisualStudioVersion = 10.0.40219.1
Project("{FAE04EC0-301F-11D3-BF4B-00C04F79EFBC}") = "MedicalAppointingSystem", "MedicalAppointingSystem\MedicalAppointingSystem.csproj", "{D5AB16F2-2ED3-4DBB-9E9F-3D69721F734C}"
EndProject
Global
	GlobalSection(SolutionConfigurationPlatforms) = preSolution
		Debug|Any CPU = Debug|Any CPU
		Release|Any CPU = Release|Any CPU
	EndGlobalSection
	GlobalSection(ProjectConfigurationPlatforms) = postSolution
		{D5AB16F2-2ED3-4DBB-9E9F-3D69721F734C}.Debug|Any CPU.ActiveCfg = Debug|Any CPU
		{D5AB16F2-2ED3-4DBB-9E9F-3D69721F734C}.Debug|Any CPU.Build.0 = Debug|Any CPU
		{D5AB16F2-2ED3-4DBB-9E9F-3D69721F734C}.Release|Any CPU.ActiveCfg = Release|Any CPU
		{D5AB16F2-2ED3-4DBB-9E9F-3D69721F734C}.Release|Any CPU.Build.0 = Release|Any CPU
	EndGlobalSection
	GlobalSection(SolutionProperties) = preSolution
		HideSolutionNode = FALSE
	EndGlobalSection
	GlobalSection(ExtensibilityGlobals) = postSolution
		SolutionGuid = {AB38CB66-5660-46D5-ABFD-23679C4F21AC}
	EndGlobalSection
EndGlobal
